
Microsoft Visual Studio Solution File, Format Version 12.00
# Visual Studio 15
VisualStudioVersion = 15.0.26730.15
MinimumVisualStudioVersion = 10.0.40219.1
Project("{888888A0-9F3D-457C-B088-3A5042F75D52}") = "MarketWatch", "MarketWatch\MarketWatch.pyproj", "{EE4298EC-75CA-44A8-94EC-282AEB3F6C02}"
EndProject
Global
	GlobalSection(SolutionConfigurationPlatforms) = preSolution
		Debug|Any CPU = Debug|Any CPU
		Release|Any CPU = Release|Any CPU
	EndGlobalSection
	GlobalSection(ProjectConfigurationPlatforms) = postSolution
		{EE4298EC-75CA-44A8-94EC-282AEB3F6C02}.Debug|Any CPU.ActiveCfg = Debug|Any CPU
		{EE4298EC-75CA-44A8-94EC-282AEB3F6C02}.Release|Any CPU.ActiveCfg = Release|Any CPU
	EndGlobalSection
	GlobalSection(SolutionProperties) = preSolution
		HideSolutionNode = FALSE
	EndGlobalSection
	GlobalSection(ExtensibilityGlobals) = postSolution
		SolutionGuid = {31DB9F5C-AE0D-441F-AAE9-85078F3F5F28}
	EndGlobalSection
EndGlobal
